
Microsoft Visual Studio Solution File, Format Version 12.00
# Visual Studio Version 17
VisualStudioVersion = 17.4.33205.214
MinimumVisualStudioVersion = 10.0.40219.1
Project("{FAE04EC0-301F-11D3-BF4B-00C04F79EFBC}") = "Dapper.Example", "Dapper.Example\Dapper.Example.csproj", "{13F03C37-92DD-4A41-9232-2BE09D75576F}"
EndProject
Global
	GlobalSection(SolutionConfigurationPlatforms) = preSolution
		Debug|Any CPU = Debug|Any CPU
		Release|Any CPU = Release|Any CPU
	EndGlobalSection
	GlobalSection(ProjectConfigurationPlatforms) = postSolution
		{13F03C37-92DD-4A41-9232-2BE09D75576F}.Debug|Any CPU.ActiveCfg = Debug|Any CPU
		{13F03C37-92DD-4A41-9232-2BE09D75576F}.Debug|Any CPU.Build.0 = Debug|Any CPU
		{13F03C37-92DD-4A41-9232-2BE09D75576F}.Release|Any CPU.ActiveCfg = Release|Any CPU
		{13F03C37-92DD-4A41-9232-2BE09D75576F}.Release|Any CPU.Build.0 = Release|Any CPU
	EndGlobalSection
	GlobalSection(SolutionProperties) = preSolution
		HideSolutionNode = FALSE
	EndGlobalSection
	GlobalSection(ExtensibilityGlobals) = postSolution
		SolutionGuid = {50EC1EC9-B929-42E0-922B-76422ACF1FF4}
	EndGlobalSection
EndGlobal
